// !$*UTF8*$!
{
	archiveVersion = 1;
	classes = {
	};
	objectVersion = 46;
	objects = {

/* Begin PBXBuildFile section */
		FE1025891F25186400BD5C63 /* AppDelegate.swift in Sources */ = {isa = PBXBuildFile; fileRef = FE1025881F25186400BD5C63 /* AppDelegate.swift */; };
		FE2034B61F292A7B009E800C /* Launch Screen.storyboard in Resources */ = {isa = PBXBuildFile; fileRef = FE2034B51F292A7B009E800C /* Launch Screen.storyboard */; };
		FE36B2DA1F2B8BE2004CB6D8 /* ABC_GO_1.mp3 in Resources */ = {isa = PBXBuildFile; fileRef = FE36B2D91F2B8BE2004CB6D8 /* ABC_GO_1.mp3 */; };
		FE36B2DE1F2B8BF1004CB6D8 /* ABC_LETTER_TAP_FX_1.mp3 in Resources */ = {isa = PBXBuildFile; fileRef = FE36B2DB1F2B8BF1004CB6D8 /* ABC_LETTER_TAP_FX_1.mp3 */; };
		FE36B2DF1F2B8BF1004CB6D8 /* ABC_READY_SET_1.mp3 in Resources */ = {isa = PBXBuildFile; fileRef = FE36B2DC1F2B8BF1004CB6D8 /* ABC_READY_SET_1.mp3 */; };
		FE36B2E01F2B8BF1004CB6D8 /* ABC_WIN_MX_1.mp3 in Resources */ = {isa = PBXBuildFile; fileRef = FE36B2DD1F2B8BF1004CB6D8 /* ABC_WIN_MX_1.mp3 */; };
		FE36B2E61F2BB2FC004CB6D8 /* ABC_GROUP_LETTER_C.mp3 in Resources */ = {isa = PBXBuildFile; fileRef = FE36B2E11F2BB2FC004CB6D8 /* ABC_GROUP_LETTER_C.mp3 */; };
		FE36B2E71F2BB2FC004CB6D8 /* ABC_GROUP_LETTER_L.mp3 in Resources */ = {isa = PBXBuildFile; fileRef = FE36B2E21F2BB2FC004CB6D8 /* ABC_GROUP_LETTER_L.mp3 */; };
		FE36B2E81F2BB2FC004CB6D8 /* ABC_GROUP_LETTER_M.mp3 in Resources */ = {isa = PBXBuildFile; fileRef = FE36B2E31F2BB2FC004CB6D8 /* ABC_GROUP_LETTER_M.mp3 */; };
		FE36B2E91F2BB2FC004CB6D8 /* ABC_GROUP_LETTER_R.mp3 in Resources */ = {isa = PBXBuildFile; fileRef = FE36B2E41F2BB2FC004CB6D8 /* ABC_GROUP_LETTER_R.mp3 */; };
		FE36B2EA1F2BB2FC004CB6D8 /* ABC_GROUP_LETTER_S.mp3 in Resources */ = {isa = PBXBuildFile; fileRef = FE36B2E51F2BB2FC004CB6D8 /* ABC_GROUP_LETTER_S.mp3 */; };
		FE4E579D1F01868300C78154 /* art.scnassets in Resources */ = {isa = PBXBuildFile; fileRef = FE4E579C1F01868300C78154 /* art.scnassets */; };
		FE4E579F1F01868300C78154 /* GameViewController.swift in Sources */ = {isa = PBXBuildFile; fileRef = FE4E579E1F01868300C78154 /* GameViewController.swift */; };
		FE4E57A21F01868300C78154 /* Main.storyboard in Resources */ = {isa = PBXBuildFile; fileRef = FE4E57A01F01868300C78154 /* Main.storyboard */; };
		FE4F2C371F2A835A0001C336 /* Assets.xcassets in Resources */ = {isa = PBXBuildFile; fileRef = FE4F2C361F2A835A0001C336 /* Assets.xcassets */; };
		FE4F2C771F2AA9980001C336 /* ABC_CANT_CATCH_ME_SKY_1.mp3 in Resources */ = {isa = PBXBuildFile; fileRef = FE4F2C3A1F2AA9980001C336 /* ABC_CANT_CATCH_ME_SKY_1.mp3 */; };
		FE4F2C781F2AA9980001C336 /* ABC_CATCH_EVERYBODY_GRACE_1.mp3 in Resources */ = {isa = PBXBuildFile; fileRef = FE4F2C3B1F2AA9980001C336 /* ABC_CATCH_EVERYBODY_GRACE_1.mp3 */; };
		FE4F2C7D1F2AA9980001C336 /* ABC_FREEZE_TAG_GROUP_1.mp3 in Resources */ = {isa = PBXBuildFile; fileRef = FE4F2C401F2AA9980001C336 /* ABC_FREEZE_TAG_GROUP_1.mp3 */; };
		FE4F2C7E1F2AA9980001C336 /* ABC_FT_1_70.mp3 in Resources */ = {isa = PBXBuildFile; fileRef = FE4F2C411F2AA9980001C336 /* ABC_FT_1_70.mp3 */; };
		FE4F2C7F1F2AA9980001C336 /* ABC_FT_2_100.mp3 in Resources */ = {isa = PBXBuildFile; fileRef = FE4F2C421F2AA9980001C336 /* ABC_FT_2_100.mp3 */; };
		FE4F2C801F2AA9980001C336 /* ABC_FT_3_130.mp3 in Resources */ = {isa = PBXBuildFile; fileRef = FE4F2C431F2AA9980001C336 /* ABC_FT_3_130.mp3 */; };
		FE4F2C811F2AA9980001C336 /* ABC_FT_4_160.mp3 in Resources */ = {isa = PBXBuildFile; fileRef = FE4F2C441F2AA9980001C336 /* ABC_FT_4_160.mp3 */; };
		FE4F2C821F2AA9980001C336 /* ABC_GREAT_JOB_SKY_1.mp3 in Resources */ = {isa = PBXBuildFile; fileRef = FE4F2C451F2AA9980001C336 /* ABC_GREAT_JOB_SKY_1.mp3 */; };
		FE4F2C831F2AA9980001C336 /* ABC_GROUP_LETTER_A.mp3 in Resources */ = {isa = PBXBuildFile; fileRef = FE4F2C461F2AA9980001C336 /* ABC_GROUP_LETTER_A.mp3 */; };
		FE4F2C841F2AA9980001C336 /* ABC_GROUP_LETTER_B.mp3 in Resources */ = {isa = PBXBuildFile; fileRef = FE4F2C471F2AA9980001C336 /* ABC_GROUP_LETTER_B.mp3 */; };
		FE4F2C851F2AA9980001C336 /* ABC_GROUP_LETTER_D.mp3 in Resources */ = {isa = PBXBuildFile; fileRef = FE4F2C481F2AA9980001C336 /* ABC_GROUP_LETTER_D.mp3 */; };
		FE4F2C861F2AA9980001C336 /* ABC_GROUP_LETTER_E.mp3 in Resources */ = {isa = PBXBuildFile; fileRef = FE4F2C491F2AA9980001C336 /* ABC_GROUP_LETTER_E.mp3 */; };
		FE4F2C871F2AA9980001C336 /* ABC_GROUP_LETTER_F.mp3 in Resources */ = {isa = PBXBuildFile; fileRef = FE4F2C4A1F2AA9980001C336 /* ABC_GROUP_LETTER_F.mp3 */; };
		FE4F2C881F2AA9980001C336 /* ABC_GROUP_LETTER_G.mp3 in Resources */ = {isa = PBXBuildFile; fileRef = FE4F2C4B1F2AA9980001C336 /* ABC_GROUP_LETTER_G.mp3 */; };
		FE4F2C891F2AA9980001C336 /* ABC_GROUP_LETTER_H.mp3 in Resources */ = {isa = PBXBuildFile; fileRef = FE4F2C4C1F2AA9980001C336 /* ABC_GROUP_LETTER_H.mp3 */; };
		FE4F2C8A1F2AA9980001C336 /* ABC_GROUP_LETTER_I.mp3 in Resources */ = {isa = PBXBuildFile; fileRef = FE4F2C4D1F2AA9980001C336 /* ABC_GROUP_LETTER_I.mp3 */; };
		FE4F2C8B1F2AA9980001C336 /* ABC_GROUP_LETTER_J.mp3 in Resources */ = {isa = PBXBuildFile; fileRef = FE4F2C4E1F2AA9980001C336 /* ABC_GROUP_LETTER_J.mp3 */; };
		FE4F2C8C1F2AA9980001C336 /* ABC_GROUP_LETTER_K.mp3 in Resources */ = {isa = PBXBuildFile; fileRef = FE4F2C4F1F2AA9980001C336 /* ABC_GROUP_LETTER_K.mp3 */; };
		FE4F2C8D1F2AA9980001C336 /* ABC_GROUP_LETTER_N.mp3 in Resources */ = {isa = PBXBuildFile; fileRef = FE4F2C501F2AA9980001C336 /* ABC_GROUP_LETTER_N.mp3 */; };
		FE4F2C8E1F2AA9980001C336 /* ABC_GROUP_LETTER_O.mp3 in Resources */ = {isa = PBXBuildFile; fileRef = FE4F2C511F2AA9980001C336 /* ABC_GROUP_LETTER_O.mp3 */; };
		FE4F2C8F1F2AA9980001C336 /* ABC_GROUP_LETTER_P.mp3 in Resources */ = {isa = PBXBuildFile; fileRef = FE4F2C521F2AA9980001C336 /* ABC_GROUP_LETTER_P.mp3 */; };
		FE4F2C901F2AA9980001C336 /* ABC_GROUP_LETTER_Q.mp3 in Resources */ = {isa = PBXBuildFile; fileRef = FE4F2C531F2AA9980001C336 /* ABC_GROUP_LETTER_Q.mp3 */; };
		FE4F2C911F2AA9980001C336 /* ABC_GROUP_LETTER_T.mp3 in Resources */ = {isa = PBXBuildFile; fileRef = FE4F2C541F2AA9980001C336 /* ABC_GROUP_LETTER_T.mp3 */; };
		FE4F2C921F2AA9980001C336 /* ABC_GROUP_LETTER_U.mp3 in Resources */ = {isa = PBXBuildFile; fileRef = FE4F2C551F2AA9980001C336 /* ABC_GROUP_LETTER_U.mp3 */; };
		FE4F2C931F2AA9980001C336 /* ABC_GROUP_LETTER_V.mp3 in Resources */ = {isa = PBXBuildFile; fileRef = FE4F2C561F2AA9980001C336 /* ABC_GROUP_LETTER_V.mp3 */; };
		FE4F2C941F2AA9980001C336 /* ABC_GROUP_LETTER_W.mp3 in Resources */ = {isa = PBXBuildFile; fileRef = FE4F2C571F2AA9980001C336 /* ABC_GROUP_LETTER_W.mp3 */; };
		FE4F2C951F2AA9980001C336 /* ABC_GROUP_LETTER_X.mp3 in Resources */ = {isa = PBXBuildFile; fileRef = FE4F2C581F2AA9980001C336 /* ABC_GROUP_LETTER_X.mp3 */; };
		FE4F2C961F2AA9980001C336 /* ABC_GROUP_LETTER_Y.mp3 in Resources */ = {isa = PBXBuildFile; fileRef = FE4F2C591F2AA9980001C336 /* ABC_GROUP_LETTER_Y.mp3 */; };
		FE4F2C971F2AA9980001C336 /* ABC_GROUP_LETTER_Z.mp3 in Resources */ = {isa = PBXBuildFile; fileRef = FE4F2C5A1F2AA9980001C336 /* ABC_GROUP_LETTER_Z.mp3 */; };
		FE4F2C981F2AA9980001C336 /* ABC_IM_HERE_GRACE_1.mp3 in Resources */ = {isa = PBXBuildFile; fileRef = FE4F2C5B1F2AA9980001C336 /* ABC_IM_HERE_GRACE_1.mp3 */; };
		FE4F2C991F2AA9980001C336 /* ABC_LOOK_OUT_GRACE_1.mp3 in Resources */ = {isa = PBXBuildFile; fileRef = FE4F2C5C1F2AA9980001C336 /* ABC_LOOK_OUT_GRACE_1.mp3 */; };
		FE4F2C9A1F2AA9980001C336 /* ABC_LOOK_OUT_SKY_1.mp3 in Resources */ = {isa = PBXBuildFile; fileRef = FE4F2C5D1F2AA9980001C336 /* ABC_LOOK_OUT_SKY_1.mp3 */; };
		FE4F2C9B1F2AA9980001C336 /* ABC_OVER_HERE_GRACE_1.mp3 in Resources */ = {isa = PBXBuildFile; fileRef = FE4F2C5E1F2AA9980001C336 /* ABC_OVER_HERE_GRACE_1.mp3 */; };
		FE4F2C9C1F2AA9980001C336 /* ABC_OVER_HERE_SKY_1.mp3 in Resources */ = {isa = PBXBuildFile; fileRef = FE4F2C5F1F2AA9980001C336 /* ABC_OVER_HERE_SKY_1.mp3 */; };
		FE4F2C9E1F2AA9980001C336 /* ABC_START_SCREAM_1.mp3 in Resources */ = {isa = PBXBuildFile; fileRef = FE4F2C611F2AA9980001C336 /* ABC_START_SCREAM_1.mp3 */; };
		FE4F2CA01F2AA9980001C336 /* ABC_TO_SLOW_GRACE_1.mp3 in Resources */ = {isa = PBXBuildFile; fileRef = FE4F2C631F2AA9980001C336 /* ABC_TO_SLOW_GRACE_1.mp3 */; };
		FE4F2CA11F2AA9980001C336 /* ABC_TO_SLOW_SKY_1.mp3 in Resources */ = {isa = PBXBuildFile; fileRef = FE4F2C641F2AA9980001C336 /* ABC_TO_SLOW_SKY_1.mp3 */; };
		FE4F2CA21F2AA9980001C336 /* ABC_YEAAA_GRACE_1.mp3 in Resources */ = {isa = PBXBuildFile; fileRef = FE4F2C651F2AA9980001C336 /* ABC_YEAAA_GRACE_1.mp3 */; };
		FE4F2CA31F2AA9980001C336 /* ABC_YEAAAA_SKY_1.mp3 in Resources */ = {isa = PBXBuildFile; fileRef = FE4F2C661F2AA9980001C336 /* ABC_YEAAAA_SKY_1.mp3 */; };
		FE4F2CA41F2AA9980001C336 /* ABC_YOU_CANT_CATCH_ME_GRACE_1.mp3 in Resources */ = {isa = PBXBuildFile; fileRef = FE4F2C671F2AA9980001C336 /* ABC_YOU_CANT_CATCH_ME_GRACE_1.mp3 */; };
		FE4F2CA51F2AA9980001C336 /* ABC_YOU_CANT_CATCH_ME_SKY_1.mp3 in Resources */ = {isa = PBXBuildFile; fileRef = FE4F2C681F2AA9980001C336 /* ABC_YOU_CANT_CATCH_ME_SKY_1.mp3 */; };
		FE4F2CA61F2AA9980001C336 /* ABC_YOU_CAUGHT_EVERYBODY_GRACE_1.mp3 in Resources */ = {isa = PBXBuildFile; fileRef = FE4F2C691F2AA9980001C336 /* ABC_YOU_CAUGHT_EVERYBODY_GRACE_1.mp3 */; };
		FE4F2CA71F2AA9980001C336 /* ABC_YOU_CAUGHT_EVERYBODY_SKY_1.mp3 in Resources */ = {isa = PBXBuildFile; fileRef = FE4F2C6A1F2AA9980001C336 /* ABC_YOU_CAUGHT_EVERYBODY_SKY_1.mp3 */; };
		FE4F2CA91F2AA9980001C336 /* ABC_YOU_WIN_GRACE_1.mp3 in Resources */ = {isa = PBXBuildFile; fileRef = FE4F2C6C1F2AA9980001C336 /* ABC_YOU_WIN_GRACE_1.mp3 */; };
		FE4F2CAA1F2AA9980001C336 /* ABC_YOU_WIN_SKY_1.mp3 in Resources */ = {isa = PBXBuildFile; fileRef = FE4F2C6D1F2AA9980001C336 /* ABC_YOU_WIN_SKY_1.mp3 */; };
		FE4F2CAF1F2AA9980001C336 /* KID_GIRL_GIGGLE_5.mp3 in Resources */ = {isa = PBXBuildFile; fileRef = FE4F2C721F2AA9980001C336 /* KID_GIRL_GIGGLE_5.mp3 */; };
		FE4F2CB01F2AA9980001C336 /* KID_GIRL_GIGGLE_6.mp3 in Resources */ = {isa = PBXBuildFile; fileRef = FE4F2C731F2AA9980001C336 /* KID_GIRL_GIGGLE_6.mp3 */; };
		FE4F2CB11F2AA9980001C336 /* KIDS_PLAYGROUND_1.mp3 in Resources */ = {isa = PBXBuildFile; fileRef = FE4F2C741F2AA9980001C336 /* KIDS_PLAYGROUND_1.mp3 */; };
		FE529FF91F1428A0005E3EF3 /* EnvironmentExt.swift in Sources */ = {isa = PBXBuildFile; fileRef = FE529FF81F1428A0005E3EF3 /* EnvironmentExt.swift */; };
		FE529FFB1F142AEF005E3EF3 /* GeometryExt.swift in Sources */ = {isa = PBXBuildFile; fileRef = FE529FFA1F142AEF005E3EF3 /* GeometryExt.swift */; };
		FE529FFD1F142D5F005E3EF3 /* NodesExt.swift in Sources */ = {isa = PBXBuildFile; fileRef = FE529FFC1F142D5F005E3EF3 /* NodesExt.swift */; };
		FEA869A61F28FED60090D124 /* ABCFreezTagLS1.png in Resources */ = {isa = PBXBuildFile; fileRef = FEA869A51F28FED60090D124 /* ABCFreezTagLS1.png */; };
		FEC6C3E31F113E44009410BE /* Letter.swift in Sources */ = {isa = PBXBuildFile; fileRef = FEC6C3E21F113E44009410BE /* Letter.swift */; };
		FEC6C3E51F11505B009410BE /* LetterNode.swift in Sources */ = {isa = PBXBuildFile; fileRef = FEC6C3E41F11505B009410BE /* LetterNode.swift */; };
/* End PBXBuildFile section */

/* Begin PBXFileReference section */
		FE1025881F25186400BD5C63 /* AppDelegate.swift */ = {isa = PBXFileReference; fileEncoding = 4; lastKnownFileType = sourcecode.swift; path = AppDelegate.swift; sourceTree = "<group>"; };
		FE2034B51F292A7B009E800C /* Launch Screen.storyboard */ = {isa = PBXFileReference; fileEncoding = 4; lastKnownFileType = file.storyboard; path = "Launch Screen.storyboard"; sourceTree = "<group>"; };
		FE36B2D91F2B8BE2004CB6D8 /* ABC_GO_1.mp3 */ = {isa = PBXFileReference; lastKnownFileType = audio.mp3; path = ABC_GO_1.mp3; sourceTree = "<group>"; };
		FE36B2DB1F2B8BF1004CB6D8 /* ABC_LETTER_TAP_FX_1.mp3 */ = {isa = PBXFileReference; lastKnownFileType = audio.mp3; path = ABC_LETTER_TAP_FX_1.mp3; sourceTree = "<group>"; };
		FE36B2DC1F2B8BF1004CB6D8 /* ABC_READY_SET_1.mp3 */ = {isa = PBXFileReference; lastKnownFileType = audio.mp3; path = ABC_READY_SET_1.mp3; sourceTree = "<group>"; };
		FE36B2DD1F2B8BF1004CB6D8 /* ABC_WIN_MX_1.mp3 */ = {isa = PBXFileReference; lastKnownFileType = audio.mp3; path = ABC_WIN_MX_1.mp3; sourceTree = "<group>"; };
		FE36B2E11F2BB2FC004CB6D8 /* ABC_GROUP_LETTER_C.mp3 */ = {isa = PBXFileReference; lastKnownFileType = audio.mp3; path = ABC_GROUP_LETTER_C.mp3; sourceTree = "<group>"; };
		FE36B2E21F2BB2FC004CB6D8 /* ABC_GROUP_LETTER_L.mp3 */ = {isa = PBXFileReference; lastKnownFileType = audio.mp3; path = ABC_GROUP_LETTER_L.mp3; sourceTree = "<group>"; };
		FE36B2E31F2BB2FC004CB6D8 /* ABC_GROUP_LETTER_M.mp3 */ = {isa = PBXFileReference; lastKnownFileType = audio.mp3; path = ABC_GROUP_LETTER_M.mp3; sourceTree = "<group>"; };
		FE36B2E41F2BB2FC004CB6D8 /* ABC_GROUP_LETTER_R.mp3 */ = {isa = PBXFileReference; lastKnownFileType = audio.mp3; path = ABC_GROUP_LETTER_R.mp3; sourceTree = "<group>"; };
		FE36B2E51F2BB2FC004CB6D8 /* ABC_GROUP_LETTER_S.mp3 */ = {isa = PBXFileReference; lastKnownFileType = audio.mp3; path = ABC_GROUP_LETTER_S.mp3; sourceTree = "<group>"; };
		FE4E57971F01868300C78154 /* ABC Freeze Tag.app */ = {isa = PBXFileReference; explicitFileType = wrapper.application; includeInIndex = 0; path = "ABC Freeze Tag.app"; sourceTree = BUILT_PRODUCTS_DIR; };
		FE4E579C1F01868300C78154 /* art.scnassets */ = {isa = PBXFileReference; lastKnownFileType = wrapper.scnassets; path = art.scnassets; sourceTree = "<group>"; };
		FE4E579E1F01868300C78154 /* GameViewController.swift */ = {isa = PBXFileReference; lastKnownFileType = sourcecode.swift; path = GameViewController.swift; sourceTree = "<group>"; };
		FE4E57A11F01868300C78154 /* Base */ = {isa = PBXFileReference; lastKnownFileType = file.storyboard; name = Base; path = Base.lproj/Main.storyboard; sourceTree = "<group>"; };
		FE4E57A81F01868300C78154 /* Info.plist */ = {isa = PBXFileReference; lastKnownFileType = text.plist.xml; path = Info.plist; sourceTree = "<group>"; };
		FE4F2C361F2A835A0001C336 /* Assets.xcassets */ = {isa = PBXFileReference; lastKnownFileType = folder.assetcatalog; path = Assets.xcassets; sourceTree = "<group>"; };
		FE4F2C3A1F2AA9980001C336 /* ABC_CANT_CATCH_ME_SKY_1.mp3 */ = {isa = PBXFileReference; lastKnownFileType = audio.mp3; path = ABC_CANT_CATCH_ME_SKY_1.mp3; sourceTree = "<group>"; };
		FE4F2C3B1F2AA9980001C336 /* ABC_CATCH_EVERYBODY_GRACE_1.mp3 */ = {isa = PBXFileReference; lastKnownFileType = audio.mp3; path = ABC_CATCH_EVERYBODY_GRACE_1.mp3; sourceTree = "<group>"; };
		FE4F2C401F2AA9980001C336 /* ABC_FREEZE_TAG_GROUP_1.mp3 */ = {isa = PBXFileReference; lastKnownFileType = audio.mp3; path = ABC_FREEZE_TAG_GROUP_1.mp3; sourceTree = "<group>"; };
		FE4F2C411F2AA9980001C336 /* ABC_FT_1_70.mp3 */ = {isa = PBXFileReference; lastKnownFileType = audio.mp3; path = ABC_FT_1_70.mp3; sourceTree = "<group>"; };
		FE4F2C421F2AA9980001C336 /* ABC_FT_2_100.mp3 */ = {isa = PBXFileReference; lastKnownFileType = audio.mp3; path = ABC_FT_2_100.mp3; sourceTree = "<group>"; };
		FE4F2C431F2AA9980001C336 /* ABC_FT_3_130.mp3 */ = {isa = PBXFileReference; lastKnownFileType = audio.mp3; path = ABC_FT_3_130.mp3; sourceTree = "<group>"; };
		FE4F2C441F2AA9980001C336 /* ABC_FT_4_160.mp3 */ = {isa = PBXFileReference; lastKnownFileType = audio.mp3; path = ABC_FT_4_160.mp3; sourceTree = "<group>"; };
		FE4F2C451F2AA9980001C336 /* ABC_GREAT_JOB_SKY_1.mp3 */ = {isa = PBXFileReference; lastKnownFileType = audio.mp3; path = ABC_GREAT_JOB_SKY_1.mp3; sourceTree = "<group>"; };
		FE4F2C461F2AA9980001C336 /* ABC_GROUP_LETTER_A.mp3 */ = {isa = PBXFileReference; lastKnownFileType = audio.mp3; path = ABC_GROUP_LETTER_A.mp3; sourceTree = "<group>"; };
		FE4F2C471F2AA9980001C336 /* ABC_GROUP_LETTER_B.mp3 */ = {isa = PBXFileReference; lastKnownFileType = audio.mp3; path = ABC_GROUP_LETTER_B.mp3; sourceTree = "<group>"; };
		FE4F2C481F2AA9980001C336 /* ABC_GROUP_LETTER_D.mp3 */ = {isa = PBXFileReference; lastKnownFileType = audio.mp3; path = ABC_GROUP_LETTER_D.mp3; sourceTree = "<group>"; };
		FE4F2C491F2AA9980001C336 /* ABC_GROUP_LETTER_E.mp3 */ = {isa = PBXFileReference; lastKnownFileType = audio.mp3; path = ABC_GROUP_LETTER_E.mp3; sourceTree = "<group>"; };
		FE4F2C4A1F2AA9980001C336 /* ABC_GROUP_LETTER_F.mp3 */ = {isa = PBXFileReference; lastKnownFileType = audio.mp3; path = ABC_GROUP_LETTER_F.mp3; sourceTree = "<group>"; };
		FE4F2C4B1F2AA9980001C336 /* ABC_GROUP_LETTER_G.mp3 */ = {isa = PBXFileReference; lastKnownFileType = audio.mp3; path = ABC_GROUP_LETTER_G.mp3; sourceTree = "<group>"; };
		FE4F2C4C1F2AA9980001C336 /* ABC_GROUP_LETTER_H.mp3 */ = {isa = PBXFileReference; lastKnownFileType = audio.mp3; path = ABC_GROUP_LETTER_H.mp3; sourceTree = "<group>"; };
		FE4F2C4D1F2AA9980001C336 /* ABC_GROUP_LETTER_I.mp3 */ = {isa = PBXFileReference; lastKnownFileType = audio.mp3; path = ABC_GROUP_LETTER_I.mp3; sourceTree = "<group>"; };
		FE4F2C4E1F2AA9980001C336 /* ABC_GROUP_LETTER_J.mp3 */ = {isa = PBXFileReference; lastKnownFileType = audio.mp3; path = ABC_GROUP_LETTER_J.mp3; sourceTree = "<group>"; };
		FE4F2C4F1F2AA9980001C336 /* ABC_GROUP_LETTER_K.mp3 */ = {isa = PBXFileReference; lastKnownFileType = audio.mp3; path = ABC_GROUP_LETTER_K.mp3; sourceTree = "<group>"; };
		FE4F2C501F2AA9980001C336 /* ABC_GROUP_LETTER_N.mp3 */ = {isa = PBXFileReference; lastKnownFileType = audio.mp3; path = ABC_GROUP_LETTER_N.mp3; sourceTree = "<group>"; };
		FE4F2C511F2AA9980001C336 /* ABC_GROUP_LETTER_O.mp3 */ = {isa = PBXFileReference; lastKnownFileType = audio.mp3; path = ABC_GROUP_LETTER_O.mp3; sourceTree = "<group>"; };
		FE4F2C521F2AA9980001C336 /* ABC_GROUP_LETTER_P.mp3 */ = {isa = PBXFileReference; lastKnownFileType = audio.mp3; path = ABC_GROUP_LETTER_P.mp3; sourceTree = "<group>"; };
		FE4F2C531F2AA9980001C336 /* ABC_GROUP_LETTER_Q.mp3 */ = {isa = PBXFileReference; lastKnownFileType = audio.mp3; path = ABC_GROUP_LETTER_Q.mp3; sourceTree = "<group>"; };
		FE4F2C541F2AA9980001C336 /* ABC_GROUP_LETTER_T.mp3 */ = {isa = PBXFileReference; lastKnownFileType = audio.mp3; path = ABC_GROUP_LETTER_T.mp3; sourceTree = "<group>"; };
		FE4F2C551F2AA9980001C336 /* ABC_GROUP_LETTER_U.mp3 */ = {isa = PBXFileReference; lastKnownFileType = audio.mp3; path = ABC_GROUP_LETTER_U.mp3; sourceTree = "<group>"; };
		FE4F2C561F2AA9980001C336 /* ABC_GROUP_LETTER_V.mp3 */ = {isa = PBXFileReference; lastKnownFileType = audio.mp3; path = ABC_GROUP_LETTER_V.mp3; sourceTree = "<group>"; };
		FE4F2C571F2AA9980001C336 /* ABC_GROUP_LETTER_W.mp3 */ = {isa = PBXFileReference; lastKnownFileType = audio.mp3; path = ABC_GROUP_LETTER_W.mp3; sourceTree = "<group>"; };
		FE4F2C581F2AA9980001C336 /* ABC_GROUP_LETTER_X.mp3 */ = {isa = PBXFileReference; lastKnownFileType = audio.mp3; path = ABC_GROUP_LETTER_X.mp3; sourceTree = "<group>"; };
		FE4F2C591F2AA9980001C336 /* ABC_GROUP_LETTER_Y.mp3 */ = {isa = PBXFileReference; lastKnownFileType = audio.mp3; path = ABC_GROUP_LETTER_Y.mp3; sourceTree = "<group>"; };
		FE4F2C5A1F2AA9980001C336 /* ABC_GROUP_LETTER_Z.mp3 */ = {isa = PBXFileReference; lastKnownFileType = audio.mp3; path = ABC_GROUP_LETTER_Z.mp3; sourceTree = "<group>"; };
		FE4F2C5B1F2AA9980001C336 /* ABC_IM_HERE_GRACE_1.mp3 */ = {isa = PBXFileReference; lastKnownFileType = audio.mp3; path = ABC_IM_HERE_GRACE_1.mp3; sourceTree = "<group>"; };
		FE4F2C5C1F2AA9980001C336 /* ABC_LOOK_OUT_GRACE_1.mp3 */ = {isa = PBXFileReference; lastKnownFileType = audio.mp3; path = ABC_LOOK_OUT_GRACE_1.mp3; sourceTree = "<group>"; };
		FE4F2C5D1F2AA9980001C336 /* ABC_LOOK_OUT_SKY_1.mp3 */ = {isa = PBXFileReference; lastKnownFileType = audio.mp3; path = ABC_LOOK_OUT_SKY_1.mp3; sourceTree = "<group>"; };
		FE4F2C5E1F2AA9980001C336 /* ABC_OVER_HERE_GRACE_1.mp3 */ = {isa = PBXFileReference; lastKnownFileType = audio.mp3; path = ABC_OVER_HERE_GRACE_1.mp3; sourceTree = "<group>"; };
		FE4F2C5F1F2AA9980001C336 /* ABC_OVER_HERE_SKY_1.mp3 */ = {isa = PBXFileReference; lastKnownFileType = audio.mp3; path = ABC_OVER_HERE_SKY_1.mp3; sourceTree = "<group>"; };
		FE4F2C611F2AA9980001C336 /* ABC_START_SCREAM_1.mp3 */ = {isa = PBXFileReference; lastKnownFileType = audio.mp3; path = ABC_START_SCREAM_1.mp3; sourceTree = "<group>"; };
		FE4F2C631F2AA9980001C336 /* ABC_TO_SLOW_GRACE_1.mp3 */ = {isa = PBXFileReference; lastKnownFileType = audio.mp3; path = ABC_TO_SLOW_GRACE_1.mp3; sourceTree = "<group>"; };
		FE4F2C641F2AA9980001C336 /* ABC_TO_SLOW_SKY_1.mp3 */ = {isa = PBXFileReference; lastKnownFileType = audio.mp3; path = ABC_TO_SLOW_SKY_1.mp3; sourceTree = "<group>"; };
		FE4F2C651F2AA9980001C336 /* ABC_YEAAA_GRACE_1.mp3 */ = {isa = PBXFileReference; lastKnownFileType = audio.mp3; path = ABC_YEAAA_GRACE_1.mp3; sourceTree = "<group>"; };
		FE4F2C661F2AA9980001C336 /* ABC_YEAAAA_SKY_1.mp3 */ = {isa = PBXFileReference; lastKnownFileType = audio.mp3; path = ABC_YEAAAA_SKY_1.mp3; sourceTree = "<group>"; };
		FE4F2C671F2AA9980001C336 /* ABC_YOU_CANT_CATCH_ME_GRACE_1.mp3 */ = {isa = PBXFileReference; lastKnownFileType = audio.mp3; path = ABC_YOU_CANT_CATCH_ME_GRACE_1.mp3; sourceTree = "<group>"; };
		FE4F2C681F2AA9980001C336 /* ABC_YOU_CANT_CATCH_ME_SKY_1.mp3 */ = {isa = PBXFileReference; lastKnownFileType = audio.mp3; path = ABC_YOU_CANT_CATCH_ME_SKY_1.mp3; sourceTree = "<group>"; };
		FE4F2C691F2AA9980001C336 /* ABC_YOU_CAUGHT_EVERYBODY_GRACE_1.mp3 */ = {isa = PBXFileReference; lastKnownFileType = audio.mp3; path = ABC_YOU_CAUGHT_EVERYBODY_GRACE_1.mp3; sourceTree = "<group>"; };
		FE4F2C6A1F2AA9980001C336 /* ABC_YOU_CAUGHT_EVERYBODY_SKY_1.mp3 */ = {isa = PBXFileReference; lastKnownFileType = audio.mp3; path = ABC_YOU_CAUGHT_EVERYBODY_SKY_1.mp3; sourceTree = "<group>"; };
		FE4F2C6C1F2AA9980001C336 /* ABC_YOU_WIN_GRACE_1.mp3 */ = {isa = PBXFileReference; lastKnownFileType = audio.mp3; path = ABC_YOU_WIN_GRACE_1.mp3; sourceTree = "<group>"; };
		FE4F2C6D1F2AA9980001C336 /* ABC_YOU_WIN_SKY_1.mp3 */ = {isa = PBXFileReference; lastKnownFileType = audio.mp3; path = ABC_YOU_WIN_SKY_1.mp3; sourceTree = "<group>"; };
		FE4F2C721F2AA9980001C336 /* KID_GIRL_GIGGLE_5.mp3 */ = {isa = PBXFileReference; lastKnownFileType = audio.mp3; path = KID_GIRL_GIGGLE_5.mp3; sourceTree = "<group>"; };
		FE4F2C731F2AA9980001C336 /* KID_GIRL_GIGGLE_6.mp3 */ = {isa = PBXFileReference; lastKnownFileType = audio.mp3; path = KID_GIRL_GIGGLE_6.mp3; sourceTree = "<group>"; };
		FE4F2C741F2AA9980001C336 /* KIDS_PLAYGROUND_1.mp3 */ = {isa = PBXFileReference; lastKnownFileType = audio.mp3; path = KIDS_PLAYGROUND_1.mp3; sourceTree = "<group>"; };
		FE529FF81F1428A0005E3EF3 /* EnvironmentExt.swift */ = {isa = PBXFileReference; lastKnownFileType = sourcecode.swift; path = EnvironmentExt.swift; sourceTree = "<group>"; };
		FE529FFA1F142AEF005E3EF3 /* GeometryExt.swift */ = {isa = PBXFileReference; lastKnownFileType = sourcecode.swift; path = GeometryExt.swift; sourceTree = "<group>"; };
		FE529FFC1F142D5F005E3EF3 /* NodesExt.swift */ = {isa = PBXFileReference; lastKnownFileType = sourcecode.swift; path = NodesExt.swift; sourceTree = "<group>"; };
		FEA869A51F28FED60090D124 /* ABCFreezTagLS1.png */ = {isa = PBXFileReference; lastKnownFileType = image.png; path = ABCFreezTagLS1.png; sourceTree = "<group>"; };
		FEC6C3E21F113E44009410BE /* Letter.swift */ = {isa = PBXFileReference; lastKnownFileType = sourcecode.swift; path = Letter.swift; sourceTree = "<group>"; };
		FEC6C3E41F11505B009410BE /* LetterNode.swift */ = {isa = PBXFileReference; lastKnownFileType = sourcecode.swift; path = LetterNode.swift; sourceTree = "<group>"; };
/* End PBXFileReference section */

/* Begin PBXFrameworksBuildPhase section */
		FE4E57941F01868300C78154 /* Frameworks */ = {
			isa = PBXFrameworksBuildPhase;
			buildActionMask = 2147483647;
			files = (
			);
			runOnlyForDeploymentPostprocessing = 0;
		};
/* End PBXFrameworksBuildPhase section */

/* Begin PBXGroup section */
		FE4E578E1F01868300C78154 = {
			isa = PBXGroup;
			children = (
				FE4E57991F01868300C78154 /* ABC Freeze Tag */,
				FE4E57981F01868300C78154 /* Products */,
			);
			sourceTree = "<group>";
		};
		FE4E57981F01868300C78154 /* Products */ = {
			isa = PBXGroup;
			children = (
				FE4E57971F01868300C78154 /* ABC Freeze Tag.app */,
			);
			name = Products;
			sourceTree = "<group>";
		};
		FE4E57991F01868300C78154 /* ABC Freeze Tag */ = {
			isa = PBXGroup;
			children = (
				FE4F2C361F2A835A0001C336 /* Assets.xcassets */,
				FEA869A51F28FED60090D124 /* ABCFreezTagLS1.png */,
				FE1025881F25186400BD5C63 /* AppDelegate.swift */,
				FE98855C1F23BD670083DD75 /* Particles */,
				FEB7B58D1F229A3800124B2E /* Sounds */,
				FE4E579C1F01868300C78154 /* art.scnassets */,
				FE4E579E1F01868300C78154 /* GameViewController.swift */,
				FE4E57A01F01868300C78154 /* Main.storyboard */,
				FE4E57A81F01868300C78154 /* Info.plist */,
				FEC6C3E21F113E44009410BE /* Letter.swift */,
				FEC6C3E41F11505B009410BE /* LetterNode.swift */,
				FE529FF81F1428A0005E3EF3 /* EnvironmentExt.swift */,
				FE529FFA1F142AEF005E3EF3 /* GeometryExt.swift */,
				FE529FFC1F142D5F005E3EF3 /* NodesExt.swift */,
				FE2034B51F292A7B009E800C /* Launch Screen.storyboard */,
			);
			path = "ABC Freeze Tag";
			sourceTree = "<group>";
		};
		FE98855C1F23BD670083DD75 /* Particles */ = {
			isa = PBXGroup;
			children = (
			);
			name = Particles;
			sourceTree = "<group>";
		};
		FEB7B58D1F229A3800124B2E /* Sounds */ = {
			isa = PBXGroup;
			children = (
				FE36B2E11F2BB2FC004CB6D8 /* ABC_GROUP_LETTER_C.mp3 */,
				FE36B2E21F2BB2FC004CB6D8 /* ABC_GROUP_LETTER_L.mp3 */,
				FE36B2E31F2BB2FC004CB6D8 /* ABC_GROUP_LETTER_M.mp3 */,
				FE36B2E41F2BB2FC004CB6D8 /* ABC_GROUP_LETTER_R.mp3 */,
				FE36B2E51F2BB2FC004CB6D8 /* ABC_GROUP_LETTER_S.mp3 */,
				FE36B2DB1F2B8BF1004CB6D8 /* ABC_LETTER_TAP_FX_1.mp3 */,
				FE36B2DC1F2B8BF1004CB6D8 /* ABC_READY_SET_1.mp3 */,
				FE36B2DD1F2B8BF1004CB6D8 /* ABC_WIN_MX_1.mp3 */,
				FE36B2D91F2B8BE2004CB6D8 /* ABC_GO_1.mp3 */,
				FE4F2C3A1F2AA9980001C336 /* ABC_CANT_CATCH_ME_SKY_1.mp3 */,
				FE4F2C3B1F2AA9980001C336 /* ABC_CATCH_EVERYBODY_GRACE_1.mp3 */,
				FE4F2C401F2AA9980001C336 /* ABC_FREEZE_TAG_GROUP_1.mp3 */,
				FE4F2C411F2AA9980001C336 /* ABC_FT_1_70.mp3 */,
				FE4F2C421F2AA9980001C336 /* ABC_FT_2_100.mp3 */,
				FE4F2C431F2AA9980001C336 /* ABC_FT_3_130.mp3 */,
				FE4F2C441F2AA9980001C336 /* ABC_FT_4_160.mp3 */,
				FE4F2C451F2AA9980001C336 /* ABC_GREAT_JOB_SKY_1.mp3 */,
				FE4F2C461F2AA9980001C336 /* ABC_GROUP_LETTER_A.mp3 */,
				FE4F2C471F2AA9980001C336 /* ABC_GROUP_LETTER_B.mp3 */,
				FE4F2C481F2AA9980001C336 /* ABC_GROUP_LETTER_D.mp3 */,
				FE4F2C491F2AA9980001C336 /* ABC_GROUP_LETTER_E.mp3 */,
				FE4F2C4A1F2AA9980001C336 /* ABC_GROUP_LETTER_F.mp3 */,
				FE4F2C4B1F2AA9980001C336 /* ABC_GROUP_LETTER_G.mp3 */,
				FE4F2C4C1F2AA9980001C336 /* ABC_GROUP_LETTER_H.mp3 */,
				FE4F2C4D1F2AA9980001C336 /* ABC_GROUP_LETTER_I.mp3 */,
				FE4F2C4E1F2AA9980001C336 /* ABC_GROUP_LETTER_J.mp3 */,
				FE4F2C4F1F2AA9980001C336 /* ABC_GROUP_LETTER_K.mp3 */,
				FE4F2C501F2AA9980001C336 /* ABC_GROUP_LETTER_N.mp3 */,
				FE4F2C511F2AA9980001C336 /* ABC_GROUP_LETTER_O.mp3 */,
				FE4F2C521F2AA9980001C336 /* ABC_GROUP_LETTER_P.mp3 */,
				FE4F2C531F2AA9980001C336 /* ABC_GROUP_LETTER_Q.mp3 */,
				FE4F2C541F2AA9980001C336 /* ABC_GROUP_LETTER_T.mp3 */,
				FE4F2C551F2AA9980001C336 /* ABC_GROUP_LETTER_U.mp3 */,
				FE4F2C561F2AA9980001C336 /* ABC_GROUP_LETTER_V.mp3 */,
				FE4F2C571F2AA9980001C336 /* ABC_GROUP_LETTER_W.mp3 */,
				FE4F2C581F2AA9980001C336 /* ABC_GROUP_LETTER_X.mp3 */,
				FE4F2C591F2AA9980001C336 /* ABC_GROUP_LETTER_Y.mp3 */,
				FE4F2C5A1F2AA9980001C336 /* ABC_GROUP_LETTER_Z.mp3 */,
				FE4F2C5B1F2AA9980001C336 /* ABC_IM_HERE_GRACE_1.mp3 */,
				FE4F2C5C1F2AA9980001C336 /* ABC_LOOK_OUT_GRACE_1.mp3 */,
				FE4F2C5D1F2AA9980001C336 /* ABC_LOOK_OUT_SKY_1.mp3 */,
				FE4F2C5E1F2AA9980001C336 /* ABC_OVER_HERE_GRACE_1.mp3 */,
				FE4F2C5F1F2AA9980001C336 /* ABC_OVER_HERE_SKY_1.mp3 */,
				FE4F2C611F2AA9980001C336 /* ABC_START_SCREAM_1.mp3 */,
				FE4F2C631F2AA9980001C336 /* ABC_TO_SLOW_GRACE_1.mp3 */,
				FE4F2C641F2AA9980001C336 /* ABC_TO_SLOW_SKY_1.mp3 */,
				FE4F2C651F2AA9980001C336 /* ABC_YEAAA_GRACE_1.mp3 */,
				FE4F2C661F2AA9980001C336 /* ABC_YEAAAA_SKY_1.mp3 */,
				FE4F2C671F2AA9980001C336 /* ABC_YOU_CANT_CATCH_ME_GRACE_1.mp3 */,
				FE4F2C681F2AA9980001C336 /* ABC_YOU_CANT_CATCH_ME_SKY_1.mp3 */,
				FE4F2C691F2AA9980001C336 /* ABC_YOU_CAUGHT_EVERYBODY_GRACE_1.mp3 */,
				FE4F2C6A1F2AA9980001C336 /* ABC_YOU_CAUGHT_EVERYBODY_SKY_1.mp3 */,
				FE4F2C6C1F2AA9980001C336 /* ABC_YOU_WIN_GRACE_1.mp3 */,
				FE4F2C6D1F2AA9980001C336 /* ABC_YOU_WIN_SKY_1.mp3 */,
				FE4F2C721F2AA9980001C336 /* KID_GIRL_GIGGLE_5.mp3 */,
				FE4F2C731F2AA9980001C336 /* KID_GIRL_GIGGLE_6.mp3 */,
				FE4F2C741F2AA9980001C336 /* KIDS_PLAYGROUND_1.mp3 */,
			);
			path = Sounds;
			sourceTree = "<group>";
		};
/* End PBXGroup section */

/* Begin PBXNativeTarget section */
		FE4E57961F01868300C78154 /* ABC Freeze Tag */ = {
			isa = PBXNativeTarget;
			buildConfigurationList = FE4E57AB1F01868300C78154 /* Build configuration list for PBXNativeTarget "ABC Freeze Tag" */;
			buildPhases = (
				FE4E57931F01868300C78154 /* Sources */,
				FE4E57941F01868300C78154 /* Frameworks */,
				FE4E57951F01868300C78154 /* Resources */,
			);
			buildRules = (
			);
			dependencies = (
			);
			name = "ABC Freeze Tag";
			productName = ABCprog3;
			productReference = FE4E57971F01868300C78154 /* ABC Freeze Tag.app */;
			productType = "com.apple.product-type.application";
		};
/* End PBXNativeTarget section */

/* Begin PBXProject section */
		FE4E578F1F01868300C78154 /* Project object */ = {
			isa = PBXProject;
			attributes = {
				LastSwiftUpdateCheck = 0830;
				LastUpgradeCheck = 0900;
				ORGANIZATIONNAME = "Lawrence Herman";
				TargetAttributes = {
					FE4E57961F01868300C78154 = {
						CreatedOnToolsVersion = 8.3;
						DevelopmentTeam = GB3732J7W2;
						LastSwiftMigration = 0900;
						ProvisioningStyle = Automatic;
					};
				};
			};
			buildConfigurationList = FE4E57921F01868300C78154 /* Build configuration list for PBXProject "ABC Freeze Tag" */;
			compatibilityVersion = "Xcode 3.2";
			developmentRegion = English;
			hasScannedForEncodings = 0;
			knownRegions = (
				en,
				Base,
			);
			mainGroup = FE4E578E1F01868300C78154;
			productRefGroup = FE4E57981F01868300C78154 /* Products */;
			projectDirPath = "";
			projectRoot = "";
			targets = (
				FE4E57961F01868300C78154 /* ABC Freeze Tag */,
			);
		};
/* End PBXProject section */

/* Begin PBXResourcesBuildPhase section */
		FE4E57951F01868300C78154 /* Resources */ = {
			isa = PBXResourcesBuildPhase;
			buildActionMask = 2147483647;
			files = (
				FE4F2C7F1F2AA9980001C336 /* ABC_FT_2_100.mp3 in Resources */,
				FE36B2E81F2BB2FC004CB6D8 /* ABC_GROUP_LETTER_M.mp3 in Resources */,
				FE4F2C881F2AA9980001C336 /* ABC_GROUP_LETTER_G.mp3 in Resources */,
				FE4F2C8C1F2AA9980001C336 /* ABC_GROUP_LETTER_K.mp3 in Resources */,
				FE4F2CA11F2AA9980001C336 /* ABC_TO_SLOW_SKY_1.mp3 in Resources */,
				FE4F2CAA1F2AA9980001C336 /* ABC_YOU_WIN_SKY_1.mp3 in Resources */,
				FE36B2E91F2BB2FC004CB6D8 /* ABC_GROUP_LETTER_R.mp3 in Resources */,
				FE4F2C8A1F2AA9980001C336 /* ABC_GROUP_LETTER_I.mp3 in Resources */,
				FE36B2E71F2BB2FC004CB6D8 /* ABC_GROUP_LETTER_L.mp3 in Resources */,
				FE4F2C7D1F2AA9980001C336 /* ABC_FREEZE_TAG_GROUP_1.mp3 in Resources */,
				FE4F2C931F2AA9980001C336 /* ABC_GROUP_LETTER_V.mp3 in Resources */,
				FE4F2C901F2AA9980001C336 /* ABC_GROUP_LETTER_Q.mp3 in Resources */,
				FE4F2C8D1F2AA9980001C336 /* ABC_GROUP_LETTER_N.mp3 in Resources */,
				FE4F2CA71F2AA9980001C336 /* ABC_YOU_CAUGHT_EVERYBODY_SKY_1.mp3 in Resources */,
				FE4F2C9A1F2AA9980001C336 /* ABC_LOOK_OUT_SKY_1.mp3 in Resources */,
				FE4F2C911F2AA9980001C336 /* ABC_GROUP_LETTER_T.mp3 in Resources */,
				FE4E579D1F01868300C78154 /* art.scnassets in Resources */,
				FE4F2C371F2A835A0001C336 /* Assets.xcassets in Resources */,
				FE4F2C811F2AA9980001C336 /* ABC_FT_4_160.mp3 in Resources */,
				FE4F2C971F2AA9980001C336 /* ABC_GROUP_LETTER_Z.mp3 in Resources */,
				FE4F2C831F2AA9980001C336 /* ABC_GROUP_LETTER_A.mp3 in Resources */,
				FE4F2CA31F2AA9980001C336 /* ABC_YEAAAA_SKY_1.mp3 in Resources */,
				FE36B2E01F2B8BF1004CB6D8 /* ABC_WIN_MX_1.mp3 in Resources */,
				FE4F2CA91F2AA9980001C336 /* ABC_YOU_WIN_GRACE_1.mp3 in Resources */,
				FE36B2EA1F2BB2FC004CB6D8 /* ABC_GROUP_LETTER_S.mp3 in Resources */,
				FE4F2C851F2AA9980001C336 /* ABC_GROUP_LETTER_D.mp3 in Resources */,
				FE4F2CA51F2AA9980001C336 /* ABC_YOU_CANT_CATCH_ME_SKY_1.mp3 in Resources */,
				FE4F2C781F2AA9980001C336 /* ABC_CATCH_EVERYBODY_GRACE_1.mp3 in Resources */,
				FE36B2DE1F2B8BF1004CB6D8 /* ABC_LETTER_TAP_FX_1.mp3 in Resources */,
				FE4F2CA61F2AA9980001C336 /* ABC_YOU_CAUGHT_EVERYBODY_GRACE_1.mp3 in Resources */,
				FE36B2DF1F2B8BF1004CB6D8 /* ABC_READY_SET_1.mp3 in Resources */,
				FE36B2E61F2BB2FC004CB6D8 /* ABC_GROUP_LETTER_C.mp3 in Resources */,
				FE36B2DA1F2B8BE2004CB6D8 /* ABC_GO_1.mp3 in Resources */,
				FE4F2CA41F2AA9980001C336 /* ABC_YOU_CANT_CATCH_ME_GRACE_1.mp3 in Resources */,
				FE4F2C941F2AA9980001C336 /* ABC_GROUP_LETTER_W.mp3 in Resources */,
				FE4F2CAF1F2AA9980001C336 /* KID_GIRL_GIGGLE_5.mp3 in Resources */,
				FE4F2C891F2AA9980001C336 /* ABC_GROUP_LETTER_H.mp3 in Resources */,
				FE4F2C9B1F2AA9980001C336 /* ABC_OVER_HERE_GRACE_1.mp3 in Resources */,
				FE4F2C801F2AA9980001C336 /* ABC_FT_3_130.mp3 in Resources */,
				FE4F2CA21F2AA9980001C336 /* ABC_YEAAA_GRACE_1.mp3 in Resources */,
				FE2034B61F292A7B009E800C /* Launch Screen.storyboard in Resources */,
				FE4F2C9E1F2AA9980001C336 /* ABC_START_SCREAM_1.mp3 in Resources */,
				FEA869A61F28FED60090D124 /* ABCFreezTagLS1.png in Resources */,
				FE4F2CA01F2AA9980001C336 /* ABC_TO_SLOW_GRACE_1.mp3 in Resources */,
				FE4F2C981F2AA9980001C336 /* ABC_IM_HERE_GRACE_1.mp3 in Resources */,
				FE4F2C861F2AA9980001C336 /* ABC_GROUP_LETTER_E.mp3 in Resources */,
				FE4F2CB01F2AA9980001C336 /* KID_GIRL_GIGGLE_6.mp3 in Resources */,
				FE4F2C871F2AA9980001C336 /* ABC_GROUP_LETTER_F.mp3 in Resources */,
				FE4F2CB11F2AA9980001C336 /* KIDS_PLAYGROUND_1.mp3 in Resources */,
				FE4F2C821F2AA9980001C336 /* ABC_GREAT_JOB_SKY_1.mp3 in Resources */,
				FE4E57A21F01868300C78154 /* Main.storyboard in Resources */,
				FE4F2C7E1F2AA9980001C336 /* ABC_FT_1_70.mp3 in Resources */,
				FE4F2C9C1F2AA9980001C336 /* ABC_OVER_HERE_SKY_1.mp3 in Resources */,
				FE4F2C8E1F2AA9980001C336 /* ABC_GROUP_LETTER_O.mp3 in Resources */,
				FE4F2C991F2AA9980001C336 /* ABC_LOOK_OUT_GRACE_1.mp3 in Resources */,
				FE4F2C961F2AA9980001C336 /* ABC_GROUP_LETTER_Y.mp3 in Resources */,
				FE4F2C841F2AA9980001C336 /* ABC_GROUP_LETTER_B.mp3 in Resources */,
				FE4F2C8B1F2AA9980001C336 /* ABC_GROUP_LETTER_J.mp3 in Resources */,
				FE4F2C951F2AA9980001C336 /* ABC_GROUP_LETTER_X.mp3 in Resources */,
				FE4F2C8F1F2AA9980001C336 /* ABC_GROUP_LETTER_P.mp3 in Resources */,
				FE4F2C771F2AA9980001C336 /* ABC_CANT_CATCH_ME_SKY_1.mp3 in Resources */,
				FE4F2C921F2AA9980001C336 /* ABC_GROUP_LETTER_U.mp3 in Resources */,
			);
			runOnlyForDeploymentPostprocessing = 0;
		};
/* End PBXResourcesBuildPhase section */

/* Begin PBXSourcesBuildPhase section */
		FE4E57931F01868300C78154 /* Sources */ = {
			isa = PBXSourcesBuildPhase;
			buildActionMask = 2147483647;
			files = (
				FEC6C3E51F11505B009410BE /* LetterNode.swift in Sources */,
				FE529FFD1F142D5F005E3EF3 /* NodesExt.swift in Sources */,
				FE529FFB1F142AEF005E3EF3 /* GeometryExt.swift in Sources */,
				FEC6C3E31F113E44009410BE /* Letter.swift in Sources */,
				FE1025891F25186400BD5C63 /* AppDelegate.swift in Sources */,
				FE4E579F1F01868300C78154 /* GameViewController.swift in Sources */,
				FE529FF91F1428A0005E3EF3 /* EnvironmentExt.swift in Sources */,
			);
			runOnlyForDeploymentPostprocessing = 0;
		};
/* End PBXSourcesBuildPhase section */

/* Begin PBXVariantGroup section */
		FE4E57A01F01868300C78154 /* Main.storyboard */ = {
			isa = PBXVariantGroup;
			children = (
				FE4E57A11F01868300C78154 /* Base */,
			);
			name = Main.storyboard;
			sourceTree = "<group>";
		};
/* End PBXVariantGroup section */

/* Begin XCBuildConfiguration section */
		FE4E57A91F01868300C78154 /* Debug */ = {
			isa = XCBuildConfiguration;
			buildSettings = {
				ALWAYS_SEARCH_USER_PATHS = NO;
				CLANG_ANALYZER_NONNULL = YES;
				CLANG_ANALYZER_NUMBER_OBJECT_CONVERSION = YES_AGGRESSIVE;
				CLANG_CXX_LANGUAGE_STANDARD = "gnu++0x";
				CLANG_CXX_LIBRARY = "libc++";
				CLANG_ENABLE_MODULES = YES;
				CLANG_ENABLE_OBJC_ARC = YES;
				CLANG_WARN_BLOCK_CAPTURE_AUTORELEASING = YES;
				CLANG_WARN_BOOL_CONVERSION = YES;
				CLANG_WARN_COMMA = YES;
				CLANG_WARN_CONSTANT_CONVERSION = YES;
				CLANG_WARN_DIRECT_OBJC_ISA_USAGE = YES_ERROR;
				CLANG_WARN_DOCUMENTATION_COMMENTS = YES;
				CLANG_WARN_EMPTY_BODY = YES;
				CLANG_WARN_ENUM_CONVERSION = YES;
				CLANG_WARN_INFINITE_RECURSION = YES;
				CLANG_WARN_INT_CONVERSION = YES;
				CLANG_WARN_NON_LITERAL_NULL_CONVERSION = YES;
				CLANG_WARN_OBJC_LITERAL_CONVERSION = YES;
				CLANG_WARN_OBJC_ROOT_CLASS = YES_ERROR;
				CLANG_WARN_RANGE_LOOP_ANALYSIS = YES;
				CLANG_WARN_STRICT_PROTOTYPES = YES;
				CLANG_WARN_SUSPICIOUS_MOVE = YES;
				CLANG_WARN_UNREACHABLE_CODE = YES;
				CLANG_WARN__DUPLICATE_METHOD_MATCH = YES;
				"CODE_SIGN_IDENTITY[sdk=iphoneos*]" = "iPhone Developer";
				COPY_PHASE_STRIP = NO;
				DEBUG_INFORMATION_FORMAT = dwarf;
				ENABLE_STRICT_OBJC_MSGSEND = YES;
				ENABLE_TESTABILITY = YES;
				GCC_C_LANGUAGE_STANDARD = gnu99;
				GCC_DYNAMIC_NO_PIC = NO;
				GCC_NO_COMMON_BLOCKS = YES;
				GCC_OPTIMIZATION_LEVEL = 0;
				GCC_PREPROCESSOR_DEFINITIONS = (
					"DEBUG=1",
					"$(inherited)",
				);
				GCC_WARN_64_TO_32_BIT_CONVERSION = YES;
				GCC_WARN_ABOUT_RETURN_TYPE = YES_ERROR;
				GCC_WARN_UNDECLARED_SELECTOR = YES;
				GCC_WARN_UNINITIALIZED_AUTOS = YES_AGGRESSIVE;
				GCC_WARN_UNUSED_FUNCTION = YES;
				GCC_WARN_UNUSED_VARIABLE = YES;
				IPHONEOS_DEPLOYMENT_TARGET = 9.0;
				MTL_ENABLE_DEBUG_INFO = YES;
				ONLY_ACTIVE_ARCH = YES;
				SDKROOT = iphoneos;
				SWIFT_ACTIVE_COMPILATION_CONDITIONS = DEBUG;
				SWIFT_OPTIMIZATION_LEVEL = "-Onone";
				TARGETED_DEVICE_FAMILY = 2;
			};
			name = Debug;
		};
		FE4E57AA1F01868300C78154 /* Release */ = {
			isa = XCBuildConfiguration;
			buildSettings = {
				ALWAYS_SEARCH_USER_PATHS = NO;
				CLANG_ANALYZER_NONNULL = YES;
				CLANG_ANALYZER_NUMBER_OBJECT_CONVERSION = YES_AGGRESSIVE;
				CLANG_CXX_LANGUAGE_STANDARD = "gnu++0x";
				CLANG_CXX_LIBRARY = "libc++";
				CLANG_ENABLE_MODULES = YES;
				CLANG_ENABLE_OBJC_ARC = YES;
				CLANG_WARN_BLOCK_CAPTURE_AUTORELEASING = YES;
				CLANG_WARN_BOOL_CONVERSION = YES;
				CLANG_WARN_COMMA = YES;
				CLANG_WARN_CONSTANT_CONVERSION = YES;
				CLANG_WARN_DIRECT_OBJC_ISA_USAGE = YES_ERROR;
				CLANG_WARN_DOCUMENTATION_COMMENTS = YES;
				CLANG_WARN_EMPTY_BODY = YES;
				CLANG_WARN_ENUM_CONVERSION = YES;
				CLANG_WARN_INFINITE_RECURSION = YES;
				CLANG_WARN_INT_CONVERSION = YES;
				CLANG_WARN_NON_LITERAL_NULL_CONVERSION = YES;
				CLANG_WARN_OBJC_LITERAL_CONVERSION = YES;
				CLANG_WARN_OBJC_ROOT_CLASS = YES_ERROR;
				CLANG_WARN_RANGE_LOOP_ANALYSIS = YES;
				CLANG_WARN_STRICT_PROTOTYPES = YES;
				CLANG_WARN_SUSPICIOUS_MOVE = YES;
				CLANG_WARN_UNREACHABLE_CODE = YES;
				CLANG_WARN__DUPLICATE_METHOD_MATCH = YES;
				"CODE_SIGN_IDENTITY[sdk=iphoneos*]" = "iPhone Developer";
				COPY_PHASE_STRIP = NO;
				DEBUG_INFORMATION_FORMAT = "dwarf-with-dsym";
				ENABLE_NS_ASSERTIONS = NO;
				ENABLE_STRICT_OBJC_MSGSEND = YES;
				GCC_C_LANGUAGE_STANDARD = gnu99;
				GCC_NO_COMMON_BLOCKS = YES;
				GCC_WARN_64_TO_32_BIT_CONVERSION = YES;
				GCC_WARN_ABOUT_RETURN_TYPE = YES_ERROR;
				GCC_WARN_UNDECLARED_SELECTOR = YES;
				GCC_WARN_UNINITIALIZED_AUTOS = YES_AGGRESSIVE;
				GCC_WARN_UNUSED_FUNCTION = YES;
				GCC_WARN_UNUSED_VARIABLE = YES;
				IPHONEOS_DEPLOYMENT_TARGET = 9.0;
				MTL_ENABLE_DEBUG_INFO = NO;
				SDKROOT = iphoneos;
				SWIFT_OPTIMIZATION_LEVEL = "-Owholemodule";
				TARGETED_DEVICE_FAMILY = 2;
				VALIDATE_PRODUCT = YES;
			};
			name = Release;
		};
		FE4E57AC1F01868300C78154 /* Debug */ = {
			isa = XCBuildConfiguration;
			buildSettings = {
				ASSETCATALOG_COMPILER_APPICON_NAME = AppIcon;
				"CODE_SIGN_IDENTITY[sdk=iphoneos*]" = "iPhone Developer";
				CODE_SIGN_STYLE = Automatic;
				DEVELOPMENT_TEAM = GB3732J7W2;
				INFOPLIST_FILE = "$(SRCROOT)/ABC Freeze Tag/Info.plist";
				IPHONEOS_DEPLOYMENT_TARGET = 10.0;
				LD_RUNPATH_SEARCH_PATHS = "$(inherited) @executable_path/Frameworks";
				PRODUCT_BUNDLE_IDENTIFIER = "Lawrence-Herman.ABCFreezeTag";
				PRODUCT_NAME = "$(TARGET_NAME)";
				PROVISIONING_PROFILE_SPECIFIER = "";
				SWIFT_SWIFT3_OBJC_INFERENCE = On;
				SWIFT_VERSION = 3.0;
				TARGETED_DEVICE_FAMILY = 2;
			};
			name = Debug;
		};
		FE4E57AD1F01868300C78154 /* Release */ = {
			isa = XCBuildConfiguration;
			buildSettings = {
				ASSETCATALOG_COMPILER_APPICON_NAME = AppIcon;
				"CODE_SIGN_IDENTITY[sdk=iphoneos*]" = "iPhone Developer";
				CODE_SIGN_STYLE = Automatic;
				DEVELOPMENT_TEAM = GB3732J7W2;
				INFOPLIST_FILE = "$(SRCROOT)/ABC Freeze Tag/Info.plist";
				IPHONEOS_DEPLOYMENT_TARGET = 10.0;
				LD_RUNPATH_SEARCH_PATHS = "$(inherited) @executable_path/Frameworks";
				PRODUCT_BUNDLE_IDENTIFIER = "Lawrence-Herman.ABCFreezeTag";
				PRODUCT_NAME = "$(TARGET_NAME)";
				PROVISIONING_PROFILE_SPECIFIER = "";
				SWIFT_SWIFT3_OBJC_INFERENCE = On;
				SWIFT_VERSION = 3.0;
				TARGETED_DEVICE_FAMILY = 2;
			};
			name = Release;
		};
/* End XCBuildConfiguration section */

/* Begin XCConfigurationList section */
		FE4E57921F01868300C78154 /* Build configuration list for PBXProject "ABC Freeze Tag" */ = {
			isa = XCConfigurationList;
			buildConfigurations = (
				FE4E57A91F01868300C78154 /* Debug */,
				FE4E57AA1F01868300C78154 /* Release */,
			);
			defaultConfigurationIsVisible = 0;
			defaultConfigurationName = Release;
		};
		FE4E57AB1F01868300C78154 /* Build configuration list for PBXNativeTarget "ABC Freeze Tag" */ = {
			isa = XCConfigurationList;
			buildConfigurations = (
				FE4E57AC1F01868300C78154 /* Debug */,
				FE4E57AD1F01868300C78154 /* Release */,
			);
			defaultConfigurationIsVisible = 0;
			defaultConfigurationName = Release;
		};
/* End XCConfigurationList section */
	};
	rootObject = FE4E578F1F01868300C78154 /* Project object */;
}
